devDependencies:
  '@stencil/core': 2.1.1
  '@stencil/postcss': 1.0.1_@stencil+core@2.1.1
  '@stencil/sass': 1.3.2_@stencil+core@2.1.1
  '@types/autoprefixer': 9.7.2
  '@types/jest': 24.0.25
  autoprefixer: 9.8.6
  postcss-pxtorem: 4.0.1
lockfileVersion: 5.2
packages:
  /@jest/types/24.9.0:
    dependencies:
      '@types/istanbul-lib-coverage': 2.0.3
      '@types/istanbul-reports': 1.1.2
      '@types/yargs': 13.0.11
    dev: true
    engines:
      node: '>= 6'
    resolution:
      integrity: sha512-XKK7ze1apu5JWQ5eZjHITP66AX+QsLlbaJRBGYr8pNzwcAE2JVkwnf0yqjHTsDRcjR0mujy/NmZMXw5kl+kGBw==
  /@stencil/core/2.1.1:
    dev: true
    engines:
      node: '>=12.10.0'
      npm: '>=6.0.0'
    hasBin: true
    resolution:
      integrity: sha512-jcO/sv9wDSe/RSgySHDUUhYNtxPGWpWJy6ucLx/Z6nBau6239mtcXXdxS/KJwSCvHjjEubhz3Rj389eh+IEcZw==
  /@stencil/postcss/1.0.1_@stencil+core@2.1.1:
    dependencies:
      '@stencil/core': 2.1.1
      postcss: 7.0.35
    dev: true
    peerDependencies:
      '@stencil/core': ^1.0.2
    resolution:
      integrity: sha512-+QOLwdiMSeE6XbvjOM8bfMIX6E6L4DFLmnp0wZqCj4O/PVkNfEQA6IXZgd6F+OIfZ1wBy/dxR4Jvtwfo+QXa2g==
  /@stencil/sass/1.3.2_@stencil+core@2.1.1:
    dependencies:
      '@stencil/core': 2.1.1
    dev: true
    peerDependencies:
      '@stencil/core': ^1.0.2
    resolution:
      integrity: sha512-w6rkOsRIPY1rBa/13Wf+rMZrOzc6z86/Mkp3inzaYGsxBmLkf4PeP1rfaUB4SFDVRfMduP7FTd4ZJi/+FVrsMw==
  /@types/autoprefixer/9.7.2:
    dependencies:
      '@types/browserslist': 4.8.0
      postcss: 7.0.35
    dev: true
    resolution:
      integrity: sha512-QX7U7YW3zX3ex6MECtWO9folTGsXeP4b8bSjTq3I1ODM+H+sFHwGKuof+T+qBcDClGlCGtDb3SVfiTVfmcxw4g==
  /@types/browserslist/4.8.0:
    dev: true
    resolution:
      integrity: sha512-4PyO9OM08APvxxo1NmQyQKlJdowPCOQIy5D/NLO3aO0vGC57wsMptvGp3b8IbYnupFZr92l1dlVief1JvS6STQ==
  /@types/istanbul-lib-coverage/2.0.3:
    dev: true
    resolution:
      integrity: sha512-sz7iLqvVUg1gIedBOvlkxPlc8/uVzyS5OwGz1cKjXzkl3FpL3al0crU8YGU1WoHkxn0Wxbw5tyi6hvzJKNzFsw==
  /@types/istanbul-lib-report/3.0.0:
    dependencies:
      '@types/istanbul-lib-coverage': 2.0.3
    dev: true
    resolution:
      integrity: sha512-plGgXAPfVKFoYfa9NpYDAkseG+g6Jr294RqeqcqDixSbU34MZVJRi/P+7Y8GDpzkEwLaGZZOpKIEmeVZNtKsrg==
  /@types/istanbul-reports/1.1.2:
    dependencies:
      '@types/istanbul-lib-coverage': 2.0.3
      '@types/istanbul-lib-report': 3.0.0
    dev: true
    resolution:
      integrity: sha512-P/W9yOX/3oPZSpaYOCQzGqgCQRXn0FFO/V8bWrCQs+wLmvVVxk6CRBXALEvNs9OHIatlnlFokfhuDo2ug01ciw==
  /@types/jest/24.0.25:
    dependencies:
      jest-diff: 24.9.0
    dev: true
    resolution:
      integrity: sha512-hnP1WpjN4KbGEK4dLayul6lgtys6FPz0UfxMeMQCv0M+sTnzN3ConfiO72jHgLxl119guHgI8gLqDOrRLsyp2g==
  /@types/yargs-parser/15.0.0:
    dev: true
    resolution:
      integrity: sha512-FA/BWv8t8ZWJ+gEOnLLd8ygxH/2UFbAvgEonyfN6yWGLKc7zVjbpl2Y4CTjid9h2RfgPP6SEt6uHwEOply00yw==
  /@types/yargs/13.0.11:
    dependencies:
      '@types/yargs-parser': 15.0.0
    dev: true
    resolution:
      integrity: sha512-NRqD6T4gktUrDi1o1wLH3EKC1o2caCr7/wR87ODcbVITQF106OM3sFN92ysZ++wqelOd1CTzatnOBRDYYG6wGQ==
  /ansi-regex/2.1.1:
    dev: true
    engines:
      node: '>=0.10.0'
    resolution:
      integrity: sha1-w7M6te42DYbg5ijwRorn7yfWVN8=
  /ansi-regex/4.1.0:
    dev: true
    engines:
      node: '>=6'
    resolution:
      integrity: sha512-1apePfXM1UOSqw0o9IiFAovVz9M5S1Dg+4TrDwfMewQ6p/rmMueb7tWZjQ1rx4Loy1ArBggoqGpfqqdI4rondg==
  /ansi-styles/2.2.1:
    dev: true
    engines:
      node: '>=0.10.0'
    resolution:
      integrity: sha1-tDLdM1i2NM914eRmQ2gkBTPB3b4=
  /ansi-styles/3.2.1:
    dependencies:
      color-convert: 1.9.3
    dev: true
    engines:
      node: '>=4'
    resolution:
      integrity: sha512-VT0ZI6kZRdTh8YyJw3SMbYm/u+NqfsAxEpWO0Pf9sq8/e94WxxOpPKx9FR1FlyCtOVDNOQ+8ntlqFxiRc+r5qA==
  /autoprefixer/9.8.6:
    dependencies:
      browserslist: 4.14.5
      caniuse-lite: 1.0.30001150
      colorette: 1.2.1
      normalize-range: 0.1.2
      num2fraction: 1.2.2
      postcss: 7.0.35
      postcss-value-parser: 4.1.0
    dev: true
    hasBin: true
    resolution:
      integrity: sha512-XrvP4VVHdRBCdX1S3WXVD8+RyG9qeb1D5Sn1DeLiG2xfSpzellk5k54xbUERJ3M5DggQxes39UGOTP8CFrEGbg==
  /browserslist/4.14.5:
    dependencies:
      caniuse-lite: 1.0.30001150
      electron-to-chromium: 1.3.583
      escalade: 3.1.1
      node-releases: 1.1.64
    dev: true
    engines:
      node: ^6 || ^7 || ^8 || ^9 || ^10 || ^11 || ^12 || >=13.7
    hasBin: true
    resolution:
      integrity: sha512-Z+vsCZIvCBvqLoYkBFTwEYH3v5MCQbsAjp50ERycpOjnPmolg1Gjy4+KaWWpm8QOJt9GHkhdqAl14NpCX73CWA==
  /caniuse-lite/1.0.30001150:
    dev: true
    resolution:
      integrity: sha512-kiNKvihW0m36UhAFnl7bOAv0i1K1f6wpfVtTF5O5O82XzgtBnb05V0XeV3oZ968vfg2sRNChsHw8ASH2hDfoYQ==
  /chalk/1.1.3:
    dependencies:
      ansi-styles: 2.2.1
      escape-string-regexp: 1.0.5
      has-ansi: 2.0.0
      strip-ansi: 3.0.1
      supports-color: 2.0.0
    dev: true
    engines:
      node: '>=0.10.0'
    resolution:
      integrity: sha1-qBFcVeSnAv5NFQq9OHKCKn4J/Jg=
  /chalk/2.4.2:
    dependencies:
      ansi-styles: 3.2.1
      escape-string-regexp: 1.0.5
      supports-color: 5.5.0
    dev: true
    engines:
      node: '>=4'
    resolution:
      integrity: sha512-Mti+f9lpJNcwF4tWV8/OrTTtF1gZi+f8FqlyAdouralcFWFQWF2+NgCHShjkCb+IFBLq9buZwE1xckQU4peSuQ==
  /color-convert/1.9.3:
    dependencies:
      color-name: 1.1.3
    dev: true
    resolution:
      integrity: sha512-QfAUtd+vFdAtFQcC8CCyYt1fYWxSqAiK2cSD6zDB8N3cpsEBAvRxp9zOGg6G/SHHJYAT88/az/IuDGALsNVbGg==
  /color-name/1.1.3:
    dev: true
    resolution:
      integrity: sha1-p9BVi9icQveV3UIyj3QIMcpTvCU=
  /colorette/1.2.1:
    dev: true
    resolution:
      integrity: sha512-puCDz0CzydiSYOrnXpz/PKd69zRrribezjtE9yd4zvytoRc8+RY/KJPvtPFKZS3E3wP6neGyMe0vOTlHO5L3Pw==
  /diff-sequences/24.9.0:
    dev: true
    engines:
      node: '>= 6'
    resolution:
      integrity: sha512-Dj6Wk3tWyTE+Fo1rW8v0Xhwk80um6yFYKbuAxc9c3EZxIHFDYwbi34Uk42u1CdnIiVorvt4RmlSDjIPyzGC2ew==
  /electron-to-chromium/1.3.583:
    dev: true
    resolution:
      integrity: sha512-L9BwLwJohjZW9mQESI79HRzhicPk1DFgM+8hOCfGgGCFEcA3Otpv7QK6SGtYoZvfQfE3wKLh0Hd5ptqUFv3gvQ==
  /escalade/3.1.1:
    dev: true
    engines:
      node: '>=6'
    resolution:
      integrity: sha512-k0er2gUkLf8O0zKJiAhmkTnJlTvINGv7ygDNPbeIsX/TJjGJZHuh9B2UxbsaEkmlEo9MfhrSzmhIlhRlI2GXnw==
  /escape-string-regexp/1.0.5:
    dev: true
    engines:
      node: '>=0.8.0'
    resolution:
      integrity: sha1-G2HAViGQqN/2rjuyzwIAyhMLhtQ=
  /has-ansi/2.0.0:
    dependencies:
      ansi-regex: 2.1.1
    dev: true
    engines:
      node: '>=0.10.0'
    resolution:
      integrity: sha1-NPUEnOHs3ysGSa8+8k5F7TVBbZE=
  /has-flag/1.0.0:
    dev: true
    engines:
      node: '>=0.10.0'
    resolution:
      integrity: sha1-nZ55MWXOAXoA8AQYxD+UKnsdEfo=
  /has-flag/3.0.0:
    dev: true
    engines:
      node: '>=4'
    resolution:
      integrity: sha1-tdRU3CGZriJWmfNGfloH87lVuv0=
  /jest-diff/24.9.0:
    dependencies:
      chalk: 2.4.2
      diff-sequences: 24.9.0
      jest-get-type: 24.9.0
      pretty-format: 24.9.0
    dev: true
    engines:
      node: '>= 6'
    resolution:
      integrity: sha512-qMfrTs8AdJE2iqrTp0hzh7kTd2PQWrsFyj9tORoKmu32xjPjeE4NyjVRDz8ybYwqS2ik8N4hsIpiVTyFeo2lBQ==
  /jest-get-type/24.9.0:
    dev: true
    engines:
      node: '>= 6'
    resolution:
      integrity: sha512-lUseMzAley4LhIcpSP9Jf+fTrQ4a1yHQwLNeeVa2cEmbCGeoZAtYPOIv8JaxLD/sUpKxetKGP+gsHl8f8TSj8Q==
  /js-base64/2.6.4:
    dev: true
    resolution:
      integrity: sha512-pZe//GGmwJndub7ZghVHz7vjb2LgC1m8B07Au3eYqeqv9emhESByMXxaEgkUkEqJe87oBbSniGYoQNIBklc7IQ==
  /node-releases/1.1.64:
    dev: true
    resolution:
      integrity: sha512-Iec8O9166/x2HRMJyLLLWkd0sFFLrFNy+Xf+JQfSQsdBJzPcHpNl3JQ9gD4j+aJxmCa25jNsIbM4bmACtSbkSg==
  /normalize-range/0.1.2:
    dev: true
    engines:
      node: '>=0.10.0'
    resolution:
      integrity: sha1-LRDAa9/TEuqXd2laTShDlFa3WUI=
  /num2fraction/1.2.2:
    dev: true
    resolution:
      integrity: sha1-b2gragJ6Tp3fpFZM0lidHU5mnt4=
  /object-assign/4.1.1:
    dev: true
    engines:
      node: '>=0.10.0'
    resolution:
      integrity: sha1-IQmtx5ZYh8/AXLvUQsrIv7s2CGM=
  /postcss-pxtorem/4.0.1:
    dependencies:
      object-assign: 4.1.1
      postcss: 5.2.18
    dev: true
    resolution:
      integrity: sha1-nGTQ7+SIVHPMHLAwXG/8PrtFsc0=
  /postcss-value-parser/4.1.0:
    dev: true
    resolution:
      integrity: sha512-97DXOFbQJhk71ne5/Mt6cOu6yxsSfM0QGQyl0L25Gca4yGWEGJaig7l7gbCX623VqTBNGLRLaVUCnNkcedlRSQ==
  /postcss/5.2.18:
    dependencies:
      chalk: 1.1.3
      js-base64: 2.6.4
      source-map: 0.5.7
      supports-color: 3.2.3
    dev: true
    engines:
      node: '>=0.12'
    resolution:
      integrity: sha512-zrUjRRe1bpXKsX1qAJNJjqZViErVuyEkMTRrwu4ud4sbTtIBRmtaYDrHmcGgmrbsW3MHfmtIf+vJumgQn+PrXg==
  /postcss/7.0.35:
    dependencies:
      chalk: 2.4.2
      source-map: 0.6.1
      supports-color: 6.1.0
    dev: true
    engines:
      node: '>=6.0.0'
    resolution:
      integrity: sha512-3QT8bBJeX/S5zKTTjTCIjRF3If4avAT6kqxcASlTWEtAFCb9NH0OUxNDfgZSWdP5fJnBYCMEWkIFfWeugjzYMg==
  /pretty-format/24.9.0:
    dependencies:
      '@jest/types': 24.9.0
      ansi-regex: 4.1.0
      ansi-styles: 3.2.1
      react-is: 16.13.1
    dev: true
    engines:
      node: '>= 6'
    resolution:
      integrity: sha512-00ZMZUiHaJrNfk33guavqgvfJS30sLYf0f8+Srklv0AMPodGGHcoHgksZ3OThYnIvOd+8yMCn0YiEOogjlgsnA==
  /react-is/16.13.1:
    dev: true
    resolution:
      integrity: sha512-24e6ynE2H+OKt4kqsOvNd8kBpV65zoxbA4BVsEOB3ARVWQki/DHzaUoC5KuON/BiccDaCCTZBuOcfZs70kR8bQ==
  /source-map/0.5.7:
    dev: true
    engines:
      node: '>=0.10.0'
    resolution:
      integrity: sha1-igOdLRAh0i0eoUyA2OpGi6LvP8w=
  /source-map/0.6.1:
    dev: true
    engines:
      node: '>=0.10.0'
    resolution:
      integrity: sha512-UjgapumWlbMhkBgzT7Ykc5YXUT46F0iKu8SGXq0bcwP5dz/h0Plj6enJqjz1Zbq2l5WaqYnrVbwWOWMyF3F47g==
  /strip-ansi/3.0.1:
    dependencies:
      ansi-regex: 2.1.1
    dev: true
    engines:
      node: '>=0.10.0'
    resolution:
      integrity: sha1-ajhfuIU9lS1f8F0Oiq+UJ43GPc8=
  /supports-color/2.0.0:
    dev: true
    engines:
      node: '>=0.8.0'
    resolution:
      integrity: sha1-U10EXOa2Nj+kARcIRimZXp3zJMc=
  /supports-color/3.2.3:
    dependencies:
      has-flag: 1.0.0
    dev: true
    engines:
      node: '>=0.8.0'
    resolution:
      integrity: sha1-ZawFBLOVQXHYpklGsq48u4pfVPY=
  /supports-color/5.5.0:
    dependencies:
      has-flag: 3.0.0
    dev: true
    engines:
      node: '>=4'
    resolution:
      integrity: sha512-QjVjwdXIt408MIiAqCX4oUKsgU2EqAGzs2Ppkm4aQYbjm+ZEWEcW4SfFNTr4uMNZma0ey4f5lgLrkB0aX0QMow==
  /supports-color/6.1.0:
    dependencies:
      has-flag: 3.0.0
    dev: true
    engines:
      node: '>=6'
    resolution:
      integrity: sha512-qe1jfm1Mg7Nq/NSh6XE24gPXROEVsWHxC1LIx//XNlD9iw7YZQGjZNjYN7xGaEG6iKdA8EtNFW6R0gjnVXp+wQ==
specifiers:
  '@stencil/core': ^2.1.1
  '@stencil/postcss': ^1.0.1
  '@stencil/sass': ^1.3.2
  '@types/autoprefixer': ^9.7.2
  '@types/jest': 24.0.25
  autoprefixer: ^9.8.6
  postcss-pxtorem: ^4.0.1
